
Microsoft Visual Studio Solution File, Format Version 12.00
# Visual Studio Version 17
VisualStudioVersion = 17.5.33424.131
MinimumVisualStudioVersion = 10.0.40219.1
Project("{FAE04EC0-301F-11D3-BF4B-00C04F79EFBC}") = "ExamplePolymorfisme", "ExamplePolymorfisme.csproj", "{45EBCE89-A344-41CC-804D-2B8B12B9DDC6}"
EndProject
Global
	GlobalSection(SolutionConfigurationPlatforms) = preSolution
		Debug|Any CPU = Debug|Any CPU
		Release|Any CPU = Release|Any CPU
	EndGlobalSection
	GlobalSection(ProjectConfigurationPlatforms) = postSolution
		{45EBCE89-A344-41CC-804D-2B8B12B9DDC6}.Debug|Any CPU.ActiveCfg = Debug|Any CPU
		{45EBCE89-A344-41CC-804D-2B8B12B9DDC6}.Debug|Any CPU.Build.0 = Debug|Any CPU
		{45EBCE89-A344-41CC-804D-2B8B12B9DDC6}.Release|Any CPU.ActiveCfg = Release|Any CPU
		{45EBCE89-A344-41CC-804D-2B8B12B9DDC6}.Release|Any CPU.Build.0 = Release|Any CPU
	EndGlobalSection
	GlobalSection(SolutionProperties) = preSolution
		HideSolutionNode = FALSE
	EndGlobalSection
	GlobalSection(ExtensibilityGlobals) = postSolution
		SolutionGuid = {97823FAD-067C-4BA8-BA26-0BD92FC39759}
	EndGlobalSection
EndGlobal
