
Microsoft Visual Studio Solution File, Format Version 12.00
# Visual Studio Version 17
VisualStudioVersion = 17.1.32210.238
MinimumVisualStudioVersion = 10.0.40219.1
Project("{FAE04EC0-301F-11D3-BF4B-00C04F79EFBC}") = "Oef3H10", "Oef3H10.csproj", "{EC08D607-3CCA-49CF-939B-1147CBC15BC6}"
EndProject
Global
	GlobalSection(SolutionConfigurationPlatforms) = preSolution
		Debug|Any CPU = Debug|Any CPU
		Release|Any CPU = Release|Any CPU
	EndGlobalSection
	GlobalSection(ProjectConfigurationPlatforms) = postSolution
		{EC08D607-3CCA-49CF-939B-1147CBC15BC6}.Debug|Any CPU.ActiveCfg = Debug|Any CPU
		{EC08D607-3CCA-49CF-939B-1147CBC15BC6}.Debug|Any CPU.Build.0 = Debug|Any CPU
		{EC08D607-3CCA-49CF-939B-1147CBC15BC6}.Release|Any CPU.ActiveCfg = Release|Any CPU
		{EC08D607-3CCA-49CF-939B-1147CBC15BC6}.Release|Any CPU.Build.0 = Release|Any CPU
	EndGlobalSection
	GlobalSection(SolutionProperties) = preSolution
		HideSolutionNode = FALSE
	EndGlobalSection
	GlobalSection(ExtensibilityGlobals) = postSolution
		SolutionGuid = {61DD00B8-CC6A-47CD-843B-778E6960D3CD}
	EndGlobalSection
EndGlobal
