
Microsoft Visual Studio Solution File, Format Version 12.00
# Visual Studio Version 17
VisualStudioVersion = 17.1.32421.90
MinimumVisualStudioVersion = 10.0.40219.1
Project("{FAE04EC0-301F-11D3-BF4B-00C04F79EFBC}") = "Oef4.9", "Oef4.9.csproj", "{F89DBE20-25EC-4778-8D14-BB62A1917042}"
EndProject
Global
	GlobalSection(SolutionConfigurationPlatforms) = preSolution
		Debug|Any CPU = Debug|Any CPU
		Release|Any CPU = Release|Any CPU
	EndGlobalSection
	GlobalSection(ProjectConfigurationPlatforms) = postSolution
		{F89DBE20-25EC-4778-8D14-BB62A1917042}.Debug|Any CPU.ActiveCfg = Debug|Any CPU
		{F89DBE20-25EC-4778-8D14-BB62A1917042}.Debug|Any CPU.Build.0 = Debug|Any CPU
		{F89DBE20-25EC-4778-8D14-BB62A1917042}.Release|Any CPU.ActiveCfg = Release|Any CPU
		{F89DBE20-25EC-4778-8D14-BB62A1917042}.Release|Any CPU.Build.0 = Release|Any CPU
	EndGlobalSection
	GlobalSection(SolutionProperties) = preSolution
		HideSolutionNode = FALSE
	EndGlobalSection
	GlobalSection(ExtensibilityGlobals) = postSolution
		SolutionGuid = {1BB44F93-0404-454D-8BB6-A8089B376ECE}
	EndGlobalSection
EndGlobal
