
Microsoft Visual Studio Solution File, Format Version 12.00
# Visual Studio Version 17
VisualStudioVersion = 17.1.32414.318
MinimumVisualStudioVersion = 10.0.40219.1
Project("{FAE04EC0-301F-11D3-BF4B-00C04F79EFBC}") = "Oef7H18", "Oef7H18.csproj", "{06CA5B93-F1B6-4EB8-86F2-932E4ED7F1DC}"
EndProject
Global
	GlobalSection(SolutionConfigurationPlatforms) = preSolution
		Debug|Any CPU = Debug|Any CPU
		Release|Any CPU = Release|Any CPU
	EndGlobalSection
	GlobalSection(ProjectConfigurationPlatforms) = postSolution
		{06CA5B93-F1B6-4EB8-86F2-932E4ED7F1DC}.Debug|Any CPU.ActiveCfg = Debug|Any CPU
		{06CA5B93-F1B6-4EB8-86F2-932E4ED7F1DC}.Debug|Any CPU.Build.0 = Debug|Any CPU
		{06CA5B93-F1B6-4EB8-86F2-932E4ED7F1DC}.Release|Any CPU.ActiveCfg = Release|Any CPU
		{06CA5B93-F1B6-4EB8-86F2-932E4ED7F1DC}.Release|Any CPU.Build.0 = Release|Any CPU
	EndGlobalSection
	GlobalSection(SolutionProperties) = preSolution
		HideSolutionNode = FALSE
	EndGlobalSection
	GlobalSection(ExtensibilityGlobals) = postSolution
		SolutionGuid = {FE9C81C8-6663-4823-A021-85821C58EA3F}
	EndGlobalSection
EndGlobal
