
Microsoft Visual Studio Solution File, Format Version 12.00
# Visual Studio Version 17
VisualStudioVersion = 17.1.32414.318
MinimumVisualStudioVersion = 10.0.40219.1
Project("{FAE04EC0-301F-11D3-BF4B-00C04F79EFBC}") = "ExampleMenu", "ExampleMenu.csproj", "{89F6ACCA-0EAA-4D3B-9F48-B9BD9527F796}"
EndProject
Global
	GlobalSection(SolutionConfigurationPlatforms) = preSolution
		Debug|Any CPU = Debug|Any CPU
		Release|Any CPU = Release|Any CPU
	EndGlobalSection
	GlobalSection(ProjectConfigurationPlatforms) = postSolution
		{89F6ACCA-0EAA-4D3B-9F48-B9BD9527F796}.Debug|Any CPU.ActiveCfg = Debug|Any CPU
		{89F6ACCA-0EAA-4D3B-9F48-B9BD9527F796}.Debug|Any CPU.Build.0 = Debug|Any CPU
		{89F6ACCA-0EAA-4D3B-9F48-B9BD9527F796}.Release|Any CPU.ActiveCfg = Release|Any CPU
		{89F6ACCA-0EAA-4D3B-9F48-B9BD9527F796}.Release|Any CPU.Build.0 = Release|Any CPU
	EndGlobalSection
	GlobalSection(SolutionProperties) = preSolution
		HideSolutionNode = FALSE
	EndGlobalSection
	GlobalSection(ExtensibilityGlobals) = postSolution
		SolutionGuid = {954381C4-875F-4209-8809-CC79DA4076E5}
	EndGlobalSection
EndGlobal
